
Microsoft Visual Studio Solution File, Format Version 12.00
# Visual Studio Version 17
VisualStudioVersion = 17.7.34018.315
MinimumVisualStudioVersion = 10.0.40219.1
Project("{FAE04EC0-301F-11D3-BF4B-00C04F79EFBC}") = "testapi", "testapi.csproj", "{ECBA0B30-0608-45E7-BBC0-B980309AC28A}"
EndProject
Global
	GlobalSection(SolutionConfigurationPlatforms) = preSolution
		Debug|Any CPU = Debug|Any CPU
		Release|Any CPU = Release|Any CPU
	EndGlobalSection
	GlobalSection(ProjectConfigurationPlatforms) = postSolution
		{ECBA0B30-0608-45E7-BBC0-B980309AC28A}.Debug|Any CPU.ActiveCfg = Debug|Any CPU
		{ECBA0B30-0608-45E7-BBC0-B980309AC28A}.Debug|Any CPU.Build.0 = Debug|Any CPU
		{ECBA0B30-0608-45E7-BBC0-B980309AC28A}.Release|Any CPU.ActiveCfg = Release|Any CPU
		{ECBA0B30-0608-45E7-BBC0-B980309AC28A}.Release|Any CPU.Build.0 = Release|Any CPU
	EndGlobalSection
	GlobalSection(SolutionProperties) = preSolution
		HideSolutionNode = FALSE
	EndGlobalSection
	GlobalSection(ExtensibilityGlobals) = postSolution
		SolutionGuid = {21344B35-5022-4101-9201-49843DF4E6F9}
	EndGlobalSection
EndGlobal
